
Microsoft Visual Studio Solution File, Format Version 12.00
# Visual Studio Version 16
VisualStudioVersion = 16.0.29411.138
MinimumVisualStudioVersion = 10.0.40219.1
Project("{9A19103F-16F7-4668-BE54-9A1E7A4F7556}") = "Barbital", "Barbital\Barbital.csproj", "{EC0DE51F-881E-4F42-8C65-6004EAF44555}"
EndProject
Project("{FAE04EC0-301F-11D3-BF4B-00C04F79EFBC}") = "Barbital.Android", "Barbital.Android\Barbital.Android.csproj", "{74A0C2D5-255A-480A-BDC8-084447CEDCFB}"
EndProject
Project("{FAE04EC0-301F-11D3-BF4B-00C04F79EFBC}") = "Barbital.iOS", "Barbital.iOS\Barbital.iOS.csproj", "{71BD8D41-F174-4C3B-8831-A3087D827666}"
EndProject
Project("{FAE04EC0-301F-11D3-BF4B-00C04F79EFBC}") = "Barbital.UWP", "Barbital.UWP\Barbital.UWP.csproj", "{D5872B06-5AD9-4A19-8C01-32524FC1946C}"
EndProject
Project("{2150E333-8FDC-42A3-9474-1A3956D46DE8}") = "Solution Config", "Solution Config", "{0C30AE65-BC61-49BF-B500-390390759117}"
	ProjectSection(SolutionItems) = preProject
		Settings.XamlStyler = Settings.XamlStyler
	EndProjectSection
EndProject
Global
	GlobalSection(SolutionConfigurationPlatforms) = preSolution
		Ad-Hoc|Any CPU = Ad-Hoc|Any CPU
		Ad-Hoc|ARM = Ad-Hoc|ARM
		Ad-Hoc|iPhone = Ad-Hoc|iPhone
		Ad-Hoc|iPhoneSimulator = Ad-Hoc|iPhoneSimulator
		Ad-Hoc|x64 = Ad-Hoc|x64
		Ad-Hoc|x86 = Ad-Hoc|x86
		AppStore|Any CPU = AppStore|Any CPU
		AppStore|ARM = AppStore|ARM
		AppStore|iPhone = AppStore|iPhone
		AppStore|iPhoneSimulator = AppStore|iPhoneSimulator
		AppStore|x64 = AppStore|x64
		AppStore|x86 = AppStore|x86
		Debug|Any CPU = Debug|Any CPU
		Debug|ARM = Debug|ARM
		Debug|iPhone = Debug|iPhone
		Debug|iPhoneSimulator = Debug|iPhoneSimulator
		Debug|x64 = Debug|x64
		Debug|x86 = Debug|x86
		Release|Any CPU = Release|Any CPU
		Release|ARM = Release|ARM
		Release|iPhone = Release|iPhone
		Release|iPhoneSimulator = Release|iPhoneSimulator
		Release|x64 = Release|x64
		Release|x86 = Release|x86
	EndGlobalSection
	GlobalSection(ProjectConfigurationPlatforms) = postSolution
		{EC0DE51F-881E-4F42-8C65-6004EAF44555}.Ad-Hoc|Any CPU.ActiveCfg = Debug|Any CPU
		{EC0DE51F-881E-4F42-8C65-6004EAF44555}.Ad-Hoc|Any CPU.Build.0 = Debug|Any CPU
		{EC0DE51F-881E-4F42-8C65-6004EAF44555}.Ad-Hoc|ARM.ActiveCfg = Debug|Any CPU
		{EC0DE51F-881E-4F42-8C65-6004EAF44555}.Ad-Hoc|ARM.Build.0 = Debug|Any CPU
		{EC0DE51F-881E-4F42-8C65-6004EAF44555}.Ad-Hoc|iPhone.ActiveCfg = Debug|Any CPU
		{EC0DE51F-881E-4F42-8C65-6004EAF44555}.Ad-Hoc|iPhone.Build.0 = Debug|Any CPU
		{EC0DE51F-881E-4F42-8C65-6004EAF44555}.Ad-Hoc|iPhoneSimulator.ActiveCfg = Debug|Any CPU
		{EC0DE51F-881E-4F42-8C65-6004EAF44555}.Ad-Hoc|iPhoneSimulator.Build.0 = Debug|Any CPU
		{EC0DE51F-881E-4F42-8C65-6004EAF44555}.Ad-Hoc|x64.ActiveCfg = Debug|Any CPU
		{EC0DE51F-881E-4F42-8C65-6004EAF44555}.Ad-Hoc|x64.Build.0 = Debug|Any CPU
		{EC0DE51F-881E-4F42-8C65-6004EAF44555}.Ad-Hoc|x86.ActiveCfg = Debug|Any CPU
		{EC0DE51F-881E-4F42-8C65-6004EAF44555}.Ad-Hoc|x86.Build.0 = Debug|Any CPU
		{EC0DE51F-881E-4F42-8C65-6004EAF44555}.AppStore|Any CPU.ActiveCfg = Debug|Any CPU
		{EC0DE51F-881E-4F42-8C65-6004EAF44555}.AppStore|Any CPU.Build.0 = Debug|Any CPU
		{EC0DE51F-881E-4F42-8C65-6004EAF44555}.AppStore|ARM.ActiveCfg = Debug|Any CPU
		{EC0DE51F-881E-4F42-8C65-6004EAF44555}.AppStore|ARM.Build.0 = Debug|Any CPU
		{EC0DE51F-881E-4F42-8C65-6004EAF44555}.AppStore|iPhone.ActiveCfg = Debug|Any CPU
		{EC0DE51F-881E-4F42-8C65-6004EAF44555}.AppStore|iPhone.Build.0 = Debug|Any CPU
		{EC0DE51F-881E-4F42-8C65-6004EAF44555}.AppStore|iPhoneSimulator.ActiveCfg = Debug|Any CPU
		{EC0DE51F-881E-4F42-8C65-6004EAF44555}.AppStore|iPhoneSimulator.Build.0 = Debug|Any CPU
		{EC0DE51F-881E-4F42-8C65-6004EAF44555}.AppStore|x64.ActiveCfg = Debug|Any CPU
		{EC0DE51F-881E-4F42-8C65-6004EAF44555}.AppStore|x64.Build.0 = Debug|Any CPU
		{EC0DE51F-881E-4F42-8C65-6004EAF44555}.AppStore|x86.ActiveCfg = Debug|Any CPU
		{EC0DE51F-881E-4F42-8C65-6004EAF44555}.AppStore|x86.Build.0 = Debug|Any CPU
		{EC0DE51F-881E-4F42-8C65-6004EAF44555}.Debug|Any CPU.ActiveCfg = Debug|Any CPU
		{EC0DE51F-881E-4F42-8C65-6004EAF44555}.Debug|Any CPU.Build.0 = Debug|Any CPU
		{EC0DE51F-881E-4F42-8C65-6004EAF44555}.Debug|ARM.ActiveCfg = Debug|Any CPU
		{EC0DE51F-881E-4F42-8C65-6004EAF44555}.Debug|ARM.Build.0 = Debug|Any CPU
		{EC0DE51F-881E-4F42-8C65-6004EAF44555}.Debug|iPhone.ActiveCfg = Debug|Any CPU
		{EC0DE51F-881E-4F42-8C65-6004EAF44555}.Debug|iPhone.Build.0 = Debug|Any CPU
		{EC0DE51F-881E-4F42-8C65-6004EAF44555}.Debug|iPhoneSimulator.ActiveCfg = Debug|Any CPU
		{EC0DE51F-881E-4F42-8C65-6004EAF44555}.Debug|iPhoneSimulator.Build.0 = Debug|Any CPU
		{EC0DE51F-881E-4F42-8C65-6004EAF44555}.Debug|x64.ActiveCfg = Debug|Any CPU
		{EC0DE51F-881E-4F42-8C65-6004EAF44555}.Debug|x64.Build.0 = Debug|Any CPU
		{EC0DE51F-881E-4F42-8C65-6004EAF44555}.Debug|x86.ActiveCfg = Debug|Any CPU
		{EC0DE51F-881E-4F42-8C65-6004EAF44555}.Debug|x86.Build.0 = Debug|Any CPU
		{EC0DE51F-881E-4F42-8C65-6004EAF44555}.Release|Any CPU.ActiveCfg = Release|Any CPU
		{EC0DE51F-881E-4F42-8C65-6004EAF44555}.Release|Any CPU.Build.0 = Release|Any CPU
		{EC0DE51F-881E-4F42-8C65-6004EAF44555}.Release|ARM.ActiveCfg = Release|Any CPU
		{EC0DE51F-881E-4F42-8C65-6004EAF44555}.Release|ARM.Build.0 = Release|Any CPU
		{EC0DE51F-881E-4F42-8C65-6004EAF44555}.Release|iPhone.ActiveCfg = Release|Any CPU
		{EC0DE51F-881E-4F42-8C65-6004EAF44555}.Release|iPhone.Build.0 = Release|Any CPU
		{EC0DE51F-881E-4F42-8C65-6004EAF44555}.Release|iPhoneSimulator.ActiveCfg = Release|Any CPU
		{EC0DE51F-881E-4F42-8C65-6004EAF44555}.Release|iPhoneSimulator.Build.0 = Release|Any CPU
		{EC0DE51F-881E-4F42-8C65-6004EAF44555}.Release|x64.ActiveCfg = Release|Any CPU
		{EC0DE51F-881E-4F42-8C65-6004EAF44555}.Release|x64.Build.0 = Release|Any CPU
		{EC0DE51F-881E-4F42-8C65-6004EAF44555}.Release|x86.ActiveCfg = Release|Any CPU
		{EC0DE51F-881E-4F42-8C65-6004EAF44555}.Release|x86.Build.0 = Release|Any CPU
		{74A0C2D5-255A-480A-BDC8-084447CEDCFB}.Ad-Hoc|Any CPU.ActiveCfg = Release|Any CPU
		{74A0C2D5-255A-480A-BDC8-084447CEDCFB}.Ad-Hoc|Any CPU.Build.0 = Release|Any CPU
		{74A0C2D5-255A-480A-BDC8-084447CEDCFB}.Ad-Hoc|Any CPU.Deploy.0 = Release|Any CPU
		{74A0C2D5-255A-480A-BDC8-084447CEDCFB}.Ad-Hoc|ARM.ActiveCfg = Release|Any CPU
		{74A0C2D5-255A-480A-BDC8-084447CEDCFB}.Ad-Hoc|ARM.Build.0 = Release|Any CPU
		{74A0C2D5-255A-480A-BDC8-084447CEDCFB}.Ad-Hoc|ARM.Deploy.0 = Release|Any CPU
		{74A0C2D5-255A-480A-BDC8-084447CEDCFB}.Ad-Hoc|iPhone.ActiveCfg = Release|Any CPU
		{74A0C2D5-255A-480A-BDC8-084447CEDCFB}.Ad-Hoc|iPhone.Build.0 = Release|Any CPU
		{74A0C2D5-255A-480A-BDC8-084447CEDCFB}.Ad-Hoc|iPhone.Deploy.0 = Release|Any CPU
		{74A0C2D5-255A-480A-BDC8-084447CEDCFB}.Ad-Hoc|iPhoneSimulator.ActiveCfg = Release|Any CPU
		{74A0C2D5-255A-480A-BDC8-084447CEDCFB}.Ad-Hoc|iPhoneSimulator.Build.0 = Release|Any CPU
		{74A0C2D5-255A-480A-BDC8-084447CEDCFB}.Ad-Hoc|iPhoneSimulator.Deploy.0 = Release|Any CPU
		{74A0C2D5-255A-480A-BDC8-084447CEDCFB}.Ad-Hoc|x64.ActiveCfg = Release|Any CPU
		{74A0C2D5-255A-480A-BDC8-084447CEDCFB}.Ad-Hoc|x64.Build.0 = Release|Any CPU
		{74A0C2D5-255A-480A-BDC8-084447CEDCFB}.Ad-Hoc|x64.Deploy.0 = Release|Any CPU
		{74A0C2D5-255A-480A-BDC8-084447CEDCFB}.Ad-Hoc|x86.ActiveCfg = Release|Any CPU
		{74A0C2D5-255A-480A-BDC8-084447CEDCFB}.Ad-Hoc|x86.Build.0 = Release|Any CPU
		{74A0C2D5-255A-480A-BDC8-084447CEDCFB}.Ad-Hoc|x86.Deploy.0 = Release|Any CPU
		{74A0C2D5-255A-480A-BDC8-084447CEDCFB}.AppStore|Any CPU.ActiveCfg = Release|Any CPU
		{74A0C2D5-255A-480A-BDC8-084447CEDCFB}.AppStore|Any CPU.Build.0 = Release|Any CPU
		{74A0C2D5-255A-480A-BDC8-084447CEDCFB}.AppStore|Any CPU.Deploy.0 = Release|Any CPU
		{74A0C2D5-255A-480A-BDC8-084447CEDCFB}.AppStore|ARM.ActiveCfg = Release|Any CPU
		{74A0C2D5-255A-480A-BDC8-084447CEDCFB}.AppStore|ARM.Build.0 = Release|Any CPU
		{74A0C2D5-255A-480A-BDC8-084447CEDCFB}.AppStore|ARM.Deploy.0 = Release|Any CPU
		{74A0C2D5-255A-480A-BDC8-084447CEDCFB}.AppStore|iPhone.ActiveCfg = Release|Any CPU
		{74A0C2D5-255A-480A-BDC8-084447CEDCFB}.AppStore|iPhone.Build.0 = Release|Any CPU
		{74A0C2D5-255A-480A-BDC8-084447CEDCFB}.AppStore|iPhone.Deploy.0 = Release|Any CPU
		{74A0C2D5-255A-480A-BDC8-084447CEDCFB}.AppStore|iPhoneSimulator.ActiveCfg = Release|Any CPU
		{74A0C2D5-255A-480A-BDC8-084447CEDCFB}.AppStore|iPhoneSimulator.Build.0 = Release|Any CPU
		{74A0C2D5-255A-480A-BDC8-084447CEDCFB}.AppStore|iPhoneSimulator.Deploy.0 = Release|Any CPU
		{74A0C2D5-255A-480A-BDC8-084447CEDCFB}.AppStore|x64.ActiveCfg = Release|Any CPU
		{74A0C2D5-255A-480A-BDC8-084447CEDCFB}.AppStore|x64.Build.0 = Release|Any CPU
		{74A0C2D5-255A-480A-BDC8-084447CEDCFB}.AppStore|x64.Deploy.0 = Release|Any CPU
		{74A0C2D5-255A-480A-BDC8-084447CEDCFB}.AppStore|x86.ActiveCfg = Release|Any CPU
		{74A0C2D5-255A-480A-BDC8-084447CEDCFB}.AppStore|x86.Build.0 = Release|Any CPU
		{74A0C2D5-255A-480A-BDC8-084447CEDCFB}.AppStore|x86.Deploy.0 = Release|Any CPU
		{74A0C2D5-255A-480A-BDC8-084447CEDCFB}.Debug|Any CPU.ActiveCfg = Debug|Any CPU
		{74A0C2D5-255A-480A-BDC8-084447CEDCFB}.Debug|Any CPU.Build.0 = Debug|Any CPU
		{74A0C2D5-255A-480A-BDC8-084447CEDCFB}.Debug|Any CPU.Deploy.0 = Debug|Any CPU
		{74A0C2D5-255A-480A-BDC8-084447CEDCFB}.Debug|ARM.ActiveCfg = Debug|Any CPU
		{74A0C2D5-255A-480A-BDC8-084447CEDCFB}.Debug|ARM.Build.0 = Debug|Any CPU
		{74A0C2D5-255A-480A-BDC8-084447CEDCFB}.Debug|ARM.Deploy.0 = Debug|Any CPU
		{74A0C2D5-255A-480A-BDC8-084447CEDCFB}.Debug|iPhone.ActiveCfg = Debug|Any CPU
		{74A0C2D5-255A-480A-BDC8-084447CEDCFB}.Debug|iPhone.Build.0 = Debug|Any CPU
		{74A0C2D5-255A-480A-BDC8-084447CEDCFB}.Debug|iPhone.Deploy.0 = Debug|Any CPU
		{74A0C2D5-255A-480A-BDC8-084447CEDCFB}.Debug|iPhoneSimulator.ActiveCfg = Debug|Any CPU
		{74A0C2D5-255A-480A-BDC8-084447CEDCFB}.Debug|iPhoneSimulator.Build.0 = Debug|Any CPU
		{74A0C2D5-255A-480A-BDC8-084447CEDCFB}.Debug|iPhoneSimulator.Deploy.0 = Debug|Any CPU
		{74A0C2D5-255A-480A-BDC8-084447CEDCFB}.Debug|x64.ActiveCfg = Debug|Any CPU
		{74A0C2D5-255A-480A-BDC8-084447CEDCFB}.Debug|x64.Build.0 = Debug|Any CPU
		{74A0C2D5-255A-480A-BDC8-084447CEDCFB}.Debug|x64.Deploy.0 = Debug|Any CPU
		{74A0C2D5-255A-480A-BDC8-084447CEDCFB}.Debug|x86.ActiveCfg = Debug|Any CPU
		{74A0C2D5-255A-480A-BDC8-084447CEDCFB}.Debug|x86.Build.0 = Debug|Any CPU
		{74A0C2D5-255A-480A-BDC8-084447CEDCFB}.Debug|x86.Deploy.0 = Debug|Any CPU
		{74A0C2D5-255A-480A-BDC8-084447CEDCFB}.Release|Any CPU.ActiveCfg = Release|Any CPU
		{74A0C2D5-255A-480A-BDC8-084447CEDCFB}.Release|Any CPU.Build.0 = Release|Any CPU
		{74A0C2D5-255A-480A-BDC8-084447CEDCFB}.Release|Any CPU.Deploy.0 = Release|Any CPU
		{74A0C2D5-255A-480A-BDC8-084447CEDCFB}.Release|ARM.ActiveCfg = Release|Any CPU
		{74A0C2D5-255A-480A-BDC8-084447CEDCFB}.Release|ARM.Build.0 = Release|Any CPU
		{74A0C2D5-255A-480A-BDC8-084447CEDCFB}.Release|ARM.Deploy.0 = Release|Any CPU
		{74A0C2D5-255A-480A-BDC8-084447CEDCFB}.Release|iPhone.ActiveCfg = Release|Any CPU
		{74A0C2D5-255A-480A-BDC8-084447CEDCFB}.Release|iPhone.Build.0 = Release|Any CPU
		{74A0C2D5-255A-480A-BDC8-084447CEDCFB}.Release|iPhone.Deploy.0 = Release|Any CPU
		{74A0C2D5-255A-480A-BDC8-084447CEDCFB}.Release|iPhoneSimulator.ActiveCfg = Release|Any CPU
		{74A0C2D5-255A-480A-BDC8-084447CEDCFB}.Release|iPhoneSimulator.Build.0 = Release|Any CPU
		{74A0C2D5-255A-480A-BDC8-084447CEDCFB}.Release|iPhoneSimulator.Deploy.0 = Release|Any CPU
		{74A0C2D5-255A-480A-BDC8-084447CEDCFB}.Release|x64.ActiveCfg = Release|Any CPU
		{74A0C2D5-255A-480A-BDC8-084447CEDCFB}.Release|x64.Build.0 = Release|Any CPU
		{74A0C2D5-255A-480A-BDC8-084447CEDCFB}.Release|x64.Deploy.0 = Release|Any CPU
		{74A0C2D5-255A-480A-BDC8-084447CEDCFB}.Release|x86.ActiveCfg = Release|Any CPU
		{74A0C2D5-255A-480A-BDC8-084447CEDCFB}.Release|x86.Build.0 = Release|Any CPU
		{74A0C2D5-255A-480A-BDC8-084447CEDCFB}.Release|x86.Deploy.0 = Release|Any CPU
		{71BD8D41-F174-4C3B-8831-A3087D827666}.Ad-Hoc|Any CPU.ActiveCfg = Ad-Hoc|iPhone
		{71BD8D41-F174-4C3B-8831-A3087D827666}.Ad-Hoc|ARM.ActiveCfg = Ad-Hoc|iPhone
		{71BD8D41-F174-4C3B-8831-A3087D827666}.Ad-Hoc|iPhone.ActiveCfg = Ad-Hoc|iPhone
		{71BD8D41-F174-4C3B-8831-A3087D827666}.Ad-Hoc|iPhone.Build.0 = Ad-Hoc|iPhone
		{71BD8D41-F174-4C3B-8831-A3087D827666}.Ad-Hoc|iPhoneSimulator.ActiveCfg = Ad-Hoc|iPhoneSimulator
		{71BD8D41-F174-4C3B-8831-A3087D827666}.Ad-Hoc|iPhoneSimulator.Build.0 = Ad-Hoc|iPhoneSimulator
		{71BD8D41-F174-4C3B-8831-A3087D827666}.Ad-Hoc|x64.ActiveCfg = Ad-Hoc|iPhone
		{71BD8D41-F174-4C3B-8831-A3087D827666}.Ad-Hoc|x86.ActiveCfg = Ad-Hoc|iPhone
		{71BD8D41-F174-4C3B-8831-A3087D827666}.AppStore|Any CPU.ActiveCfg = AppStore|iPhone
		{71BD8D41-F174-4C3B-8831-A3087D827666}.AppStore|ARM.ActiveCfg = AppStore|iPhone
		{71BD8D41-F174-4C3B-8831-A3087D827666}.AppStore|iPhone.ActiveCfg = AppStore|iPhone
		{71BD8D41-F174-4C3B-8831-A3087D827666}.AppStore|iPhone.Build.0 = AppStore|iPhone
		{71BD8D41-F174-4C3B-8831-A3087D827666}.AppStore|iPhoneSimulator.ActiveCfg = AppStore|iPhoneSimulator
		{71BD8D41-F174-4C3B-8831-A3087D827666}.AppStore|iPhoneSimulator.Build.0 = AppStore|iPhoneSimulator
		{71BD8D41-F174-4C3B-8831-A3087D827666}.AppStore|x64.ActiveCfg = AppStore|iPhone
		{71BD8D41-F174-4C3B-8831-A3087D827666}.AppStore|x86.ActiveCfg = AppStore|iPhone
		{71BD8D41-F174-4C3B-8831-A3087D827666}.Debug|Any CPU.ActiveCfg = Debug|iPhone
		{71BD8D41-F174-4C3B-8831-A3087D827666}.Debug|ARM.ActiveCfg = Debug|iPhone
		{71BD8D41-F174-4C3B-8831-A3087D827666}.Debug|iPhone.ActiveCfg = Debug|iPhone
		{71BD8D41-F174-4C3B-8831-A3087D827666}.Debug|iPhone.Build.0 = Debug|iPhone
		{71BD8D41-F174-4C3B-8831-A3087D827666}.Debug|iPhoneSimulator.ActiveCfg = Debug|iPhoneSimulator
		{71BD8D41-F174-4C3B-8831-A3087D827666}.Debug|iPhoneSimulator.Build.0 = Debug|iPhoneSimulator
		{71BD8D41-F174-4C3B-8831-A3087D827666}.Debug|x64.ActiveCfg = Debug|iPhone
		{71BD8D41-F174-4C3B-8831-A3087D827666}.Debug|x86.ActiveCfg = Debug|iPhone
		{71BD8D41-F174-4C3B-8831-A3087D827666}.Release|Any CPU.ActiveCfg = Release|iPhone
		{71BD8D41-F174-4C3B-8831-A3087D827666}.Release|ARM.ActiveCfg = Release|iPhone
		{71BD8D41-F174-4C3B-8831-A3087D827666}.Release|iPhone.ActiveCfg = Release|iPhone
		{71BD8D41-F174-4C3B-8831-A3087D827666}.Release|iPhone.Build.0 = Release|iPhone
		{71BD8D41-F174-4C3B-8831-A3087D827666}.Release|iPhoneSimulator.ActiveCfg = Release|iPhoneSimulator
		{71BD8D41-F174-4C3B-8831-A3087D827666}.Release|iPhoneSimulator.Build.0 = Release|iPhoneSimulator
		{71BD8D41-F174-4C3B-8831-A3087D827666}.Release|x64.ActiveCfg = Release|iPhone
		{71BD8D41-F174-4C3B-8831-A3087D827666}.Release|x86.ActiveCfg = Release|iPhone
		{D5872B06-5AD9-4A19-8C01-32524FC1946C}.Ad-Hoc|Any CPU.ActiveCfg = Release|x86
		{D5872B06-5AD9-4A19-8C01-32524FC1946C}.Ad-Hoc|Any CPU.Build.0 = Release|x86
		{D5872B06-5AD9-4A19-8C01-32524FC1946C}.Ad-Hoc|Any CPU.Deploy.0 = Release|x86
		{D5872B06-5AD9-4A19-8C01-32524FC1946C}.Ad-Hoc|ARM.ActiveCfg = Release|ARM
		{D5872B06-5AD9-4A19-8C01-32524FC1946C}.Ad-Hoc|ARM.Build.0 = Release|ARM
		{D5872B06-5AD9-4A19-8C01-32524FC1946C}.Ad-Hoc|ARM.Deploy.0 = Release|ARM
		{D5872B06-5AD9-4A19-8C01-32524FC1946C}.Ad-Hoc|iPhone.ActiveCfg = Release|x86
		{D5872B06-5AD9-4A19-8C01-32524FC1946C}.Ad-Hoc|iPhone.Build.0 = Release|x86
		{D5872B06-5AD9-4A19-8C01-32524FC1946C}.Ad-Hoc|iPhone.Deploy.0 = Release|x86
		{D5872B06-5AD9-4A19-8C01-32524FC1946C}.Ad-Hoc|iPhoneSimulator.ActiveCfg = Release|x86
		{D5872B06-5AD9-4A19-8C01-32524FC1946C}.Ad-Hoc|iPhoneSimulator.Build.0 = Release|x86
		{D5872B06-5AD9-4A19-8C01-32524FC1946C}.Ad-Hoc|iPhoneSimulator.Deploy.0 = Release|x86
		{D5872B06-5AD9-4A19-8C01-32524FC1946C}.Ad-Hoc|x64.ActiveCfg = Release|x64
		{D5872B06-5AD9-4A19-8C01-32524FC1946C}.Ad-Hoc|x64.Build.0 = Release|x64
		{D5872B06-5AD9-4A19-8C01-32524FC1946C}.Ad-Hoc|x64.Deploy.0 = Release|x64
		{D5872B06-5AD9-4A19-8C01-32524FC1946C}.Ad-Hoc|x86.ActiveCfg = Release|x86
		{D5872B06-5AD9-4A19-8C01-32524FC1946C}.Ad-Hoc|x86.Build.0 = Release|x86
		{D5872B06-5AD9-4A19-8C01-32524FC1946C}.Ad-Hoc|x86.Deploy.0 = Release|x86
		{D5872B06-5AD9-4A19-8C01-32524FC1946C}.AppStore|Any CPU.ActiveCfg = Release|x86
		{D5872B06-5AD9-4A19-8C01-32524FC1946C}.AppStore|Any CPU.Build.0 = Release|x86
		{D5872B06-5AD9-4A19-8C01-32524FC1946C}.AppStore|Any CPU.Deploy.0 = Release|x86
		{D5872B06-5AD9-4A19-8C01-32524FC1946C}.AppStore|ARM.ActiveCfg = Release|ARM
		{D5872B06-5AD9-4A19-8C01-32524FC1946C}.AppStore|ARM.Build.0 = Release|ARM
		{D5872B06-5AD9-4A19-8C01-32524FC1946C}.AppStore|ARM.Deploy.0 = Release|ARM
		{D5872B06-5AD9-4A19-8C01-32524FC1946C}.AppStore|iPhone.ActiveCfg = Release|x86
		{D5872B06-5AD9-4A19-8C01-32524FC1946C}.AppStore|iPhone.Build.0 = Release|x86
		{D5872B06-5AD9-4A19-8C01-32524FC1946C}.AppStore|iPhone.Deploy.0 = Release|x86
		{D5872B06-5AD9-4A19-8C01-32524FC1946C}.AppStore|iPhoneSimulator.ActiveCfg = Release|x86
		{D5872B06-5AD9-4A19-8C01-32524FC1946C}.AppStore|iPhoneSimulator.Build.0 = Release|x86
		{D5872B06-5AD9-4A19-8C01-32524FC1946C}.AppStore|iPhoneSimulator.Deploy.0 = Release|x86
		{D5872B06-5AD9-4A19-8C01-32524FC1946C}.AppStore|x64.ActiveCfg = Release|x64
		{D5872B06-5AD9-4A19-8C01-32524FC1946C}.AppStore|x64.Build.0 = Release|x64
		{D5872B06-5AD9-4A19-8C01-32524FC1946C}.AppStore|x64.Deploy.0 = Release|x64
		{D5872B06-5AD9-4A19-8C01-32524FC1946C}.AppStore|x86.ActiveCfg = Release|x86
		{D5872B06-5AD9-4A19-8C01-32524FC1946C}.AppStore|x86.Build.0 = Release|x86
		{D5872B06-5AD9-4A19-8C01-32524FC1946C}.AppStore|x86.Deploy.0 = Release|x86
		{D5872B06-5AD9-4A19-8C01-32524FC1946C}.Debug|Any CPU.ActiveCfg = Debug|x86
		{D5872B06-5AD9-4A19-8C01-32524FC1946C}.Debug|ARM.ActiveCfg = Debug|ARM
		{D5872B06-5AD9-4A19-8C01-32524FC1946C}.Debug|ARM.Build.0 = Debug|ARM
		{D5872B06-5AD9-4A19-8C01-32524FC1946C}.Debug|ARM.Deploy.0 = Debug|ARM
		{D5872B06-5AD9-4A19-8C01-32524FC1946C}.Debug|iPhone.ActiveCfg = Debug|x86
		{D5872B06-5AD9-4A19-8C01-32524FC1946C}.Debug|iPhoneSimulator.ActiveCfg = Debug|x86
		{D5872B06-5AD9-4A19-8C01-32524FC1946C}.Debug|x64.ActiveCfg = Debug|x64
		{D5872B06-5AD9-4A19-8C01-32524FC1946C}.Debug|x64.Build.0 = Debug|x64
		{D5872B06-5AD9-4A19-8C01-32524FC1946C}.Debug|x64.Deploy.0 = Debug|x64
		{D5872B06-5AD9-4A19-8C01-32524FC1946C}.Debug|x86.ActiveCfg = Debug|x86
		{D5872B06-5AD9-4A19-8C01-32524FC1946C}.Debug|x86.Build.0 = Debug|x86
		{D5872B06-5AD9-4A19-8C01-32524FC1946C}.Debug|x86.Deploy.0 = Debug|x86
		{D5872B06-5AD9-4A19-8C01-32524FC1946C}.Release|Any CPU.ActiveCfg = Release|x86
		{D5872B06-5AD9-4A19-8C01-32524FC1946C}.Release|ARM.ActiveCfg = Release|ARM
		{D5872B06-5AD9-4A19-8C01-32524FC1946C}.Release|ARM.Build.0 = Release|ARM
		{D5872B06-5AD9-4A19-8C01-32524FC1946C}.Release|ARM.Deploy.0 = Release|ARM
		{D5872B06-5AD9-4A19-8C01-32524FC1946C}.Release|iPhone.ActiveCfg = Release|x86
		{D5872B06-5AD9-4A19-8C01-32524FC1946C}.Release|iPhoneSimulator.ActiveCfg = Release|x86
		{D5872B06-5AD9-4A19-8C01-32524FC1946C}.Release|x64.ActiveCfg = Release|x64
		{D5872B06-5AD9-4A19-8C01-32524FC1946C}.Release|x64.Build.0 = Release|x64
		{D5872B06-5AD9-4A19-8C01-32524FC1946C}.Release|x64.Deploy.0 = Release|x64
		{D5872B06-5AD9-4A19-8C01-32524FC1946C}.Release|x86.ActiveCfg = Release|x86
		{D5872B06-5AD9-4A19-8C01-32524FC1946C}.Release|x86.Build.0 = Release|x86
		{D5872B06-5AD9-4A19-8C01-32524FC1946C}.Release|x86.Deploy.0 = Release|x86
	EndGlobalSection
	GlobalSection(SolutionProperties) = preSolution
		HideSolutionNode = FALSE
	EndGlobalSection
	GlobalSection(ExtensibilityGlobals) = postSolution
		SolutionGuid = {B6161438-C1E3-4877-85C6-D38893D85870}
	EndGlobalSection
EndGlobal
